
Microsoft Visual Studio Solution File, Format Version 12.00
# Visual Studio 2013
VisualStudioVersion = 12.0.30723.0
MinimumVisualStudioVersion = 10.0.40219.1
Project("{FAE04EC0-301F-11D3-BF4B-00C04F79EFBC}") = "LiveIT2.1", "LiveIT2.1\LiveIT2.1.csproj", "{14D1B68C-DE0B-4FEF-B149-B449BE4974AF}"
EndProject
Project("{FAE04EC0-301F-11D3-BF4B-00C04F79EFBC}") = "LiveIt.Tests", "LiveIt.Tests\LiveIt.Tests.csproj", "{26E3D27A-0C05-4322-A56E-A6DED935CE65}"
EndProject
Project("{2150E333-8FDC-42A3-9474-1A3956D46DE8}") = ".nuget", ".nuget", "{7BF3D232-3675-4DB7-8B00-0445D6E42007}"
	ProjectSection(SolutionItems) = preProject
		.nuget\packages.config = .nuget\packages.config
	EndProjectSection
EndProject
Project("{54435603-DBB4-11D2-8724-00A0C9A8B90C}") = "Live It Setup", "Live It Setup\Live It Setup.vdproj", "{6B981321-3FE6-4A70-A9B4-620D8C2BE394}"
EndProject
Global
	GlobalSection(SolutionConfigurationPlatforms) = preSolution
		Debug|Any CPU = Debug|Any CPU
		Release|Any CPU = Release|Any CPU
	EndGlobalSection
	GlobalSection(ProjectConfigurationPlatforms) = postSolution
		{14D1B68C-DE0B-4FEF-B149-B449BE4974AF}.Debug|Any CPU.ActiveCfg = Debug|Any CPU
		{14D1B68C-DE0B-4FEF-B149-B449BE4974AF}.Debug|Any CPU.Build.0 = Debug|Any CPU
		{14D1B68C-DE0B-4FEF-B149-B449BE4974AF}.Release|Any CPU.ActiveCfg = Release|Any CPU
		{14D1B68C-DE0B-4FEF-B149-B449BE4974AF}.Release|Any CPU.Build.0 = Release|Any CPU
		{26E3D27A-0C05-4322-A56E-A6DED935CE65}.Debug|Any CPU.ActiveCfg = Debug|Any CPU
		{26E3D27A-0C05-4322-A56E-A6DED935CE65}.Debug|Any CPU.Build.0 = Debug|Any CPU
		{26E3D27A-0C05-4322-A56E-A6DED935CE65}.Release|Any CPU.ActiveCfg = Release|Any CPU
		{26E3D27A-0C05-4322-A56E-A6DED935CE65}.Release|Any CPU.Build.0 = Release|Any CPU
		{6B981321-3FE6-4A70-A9B4-620D8C2BE394}.Debug|Any CPU.ActiveCfg = Debug
		{6B981321-3FE6-4A70-A9B4-620D8C2BE394}.Release|Any CPU.ActiveCfg = Release
	EndGlobalSection
	GlobalSection(SolutionProperties) = preSolution
		HideSolutionNode = FALSE
	EndGlobalSection
EndGlobal
